
Microsoft Visual Studio Solution File, Format Version 12.00
# Visual Studio Version 17
VisualStudioVersion = 17.10.35027.167
MinimumVisualStudioVersion = 10.0.40219.1
Project("{9A19103F-16F7-4668-BE54-9A1E7A4F7556}") = "InfiniTicTacToe.Server", "InfiniTicTacToe.Server\InfiniTicTacToe.Server.csproj", "{6B2E0408-F284-475D-B15C-EC73F28AEA8C}"
EndProject
Project("{54A90642-561A-4BB1-A94E-469ADEE60C69}") = "infinitictactoe.client", "infinitictactoe.client\infinitictactoe.client.esproj", "{BEECDE13-E571-47D0-8548-BC884ABBE48F}"
EndProject
Project("{9A19103F-16F7-4668-BE54-9A1E7A4F7556}") = "InfiniTicTacToe.Tests", "InfiniTicTacToe.Tests\InfiniTicTacToe.Tests.csproj", "{C11A28E2-9B1E-4F06-A4DF-049259153E59}"
EndProject
Project("{2150E333-8FDC-42A3-9474-1A3956D46DE8}") = "Solution Items", "Solution Items", "{9B50458E-81E9-4911-827D-0ACEEDBE4E94}"
	ProjectSection(SolutionItems) = preProject
		.github\workflows\deploy.yml = .github\workflows\deploy.yml
		docker-compose.yml = docker-compose.yml
		.github\workflows\test.yml = .github\workflows\test.yml
	EndProjectSection
EndProject
Global
	GlobalSection(SolutionConfigurationPlatforms) = preSolution
		Debug|Any CPU = Debug|Any CPU
		Release|Any CPU = Release|Any CPU
	EndGlobalSection
	GlobalSection(ProjectConfigurationPlatforms) = postSolution
		{6B2E0408-F284-475D-B15C-EC73F28AEA8C}.Debug|Any CPU.ActiveCfg = Debug|Any CPU
		{6B2E0408-F284-475D-B15C-EC73F28AEA8C}.Debug|Any CPU.Build.0 = Debug|Any CPU
		{6B2E0408-F284-475D-B15C-EC73F28AEA8C}.Release|Any CPU.ActiveCfg = Release|Any CPU
		{6B2E0408-F284-475D-B15C-EC73F28AEA8C}.Release|Any CPU.Build.0 = Release|Any CPU
		{BEECDE13-E571-47D0-8548-BC884ABBE48F}.Debug|Any CPU.ActiveCfg = Debug|Any CPU
		{BEECDE13-E571-47D0-8548-BC884ABBE48F}.Debug|Any CPU.Build.0 = Debug|Any CPU
		{BEECDE13-E571-47D0-8548-BC884ABBE48F}.Debug|Any CPU.Deploy.0 = Debug|Any CPU
		{BEECDE13-E571-47D0-8548-BC884ABBE48F}.Release|Any CPU.ActiveCfg = Release|Any CPU
		{BEECDE13-E571-47D0-8548-BC884ABBE48F}.Release|Any CPU.Build.0 = Release|Any CPU
		{BEECDE13-E571-47D0-8548-BC884ABBE48F}.Release|Any CPU.Deploy.0 = Release|Any CPU
		{C11A28E2-9B1E-4F06-A4DF-049259153E59}.Debug|Any CPU.ActiveCfg = Debug|Any CPU
		{C11A28E2-9B1E-4F06-A4DF-049259153E59}.Debug|Any CPU.Build.0 = Debug|Any CPU
		{C11A28E2-9B1E-4F06-A4DF-049259153E59}.Release|Any CPU.ActiveCfg = Release|Any CPU
		{C11A28E2-9B1E-4F06-A4DF-049259153E59}.Release|Any CPU.Build.0 = Release|Any CPU
	EndGlobalSection
	GlobalSection(SolutionProperties) = preSolution
		HideSolutionNode = FALSE
	EndGlobalSection
	GlobalSection(ExtensibilityGlobals) = postSolution
		SolutionGuid = {E430CD00-4537-48C7-9C2B-A37D930BA233}
	EndGlobalSection
EndGlobal
